
Microsoft Visual Studio Solution File, Format Version 12.00
# Visual Studio Version 17
VisualStudioVersion = 17.8.34330.188
MinimumVisualStudioVersion = 10.0.40219.1
Project("{FAE04EC0-301F-11D3-BF4B-00C04F79EFBC}") = "EXE201_NEWDAWN_BE", "EXE201_NEWDAWN_BE\EXE201_NEWDAWN_BE.csproj", "{4B57340C-C1F7-4446-B6DB-62A5D5EBD856}"
EndProject
Project("{FAE04EC0-301F-11D3-BF4B-00C04F79EFBC}") = "BussinessObjects", "BussinessObjects\BussinessObjects.csproj", "{615CB180-BE97-4613-AC93-7DA4EF38E58B}"
EndProject
Project("{FAE04EC0-301F-11D3-BF4B-00C04F79EFBC}") = "DAO", "DAO\DAO.csproj", "{C4C162C9-651D-4FFF-9BBA-212FA854ECC1}"
EndProject
Project("{FAE04EC0-301F-11D3-BF4B-00C04F79EFBC}") = "Repository", "Repository\Repository.csproj", "{0CF0A3BD-D2C4-4E74-83BD-91567891C5B8}"
EndProject
Project("{FAE04EC0-301F-11D3-BF4B-00C04F79EFBC}") = "Service", "Service\Service.csproj", "{957D7619-642B-4BFE-B7DD-571E9FB7F713}"
EndProject
Project("{FAE04EC0-301F-11D3-BF4B-00C04F79EFBC}") = "DTOS", "DTOS\DTOS.csproj", "{8F60DBDA-7EA2-4BDA-B980-2897548E6D9B}"
EndProject
Global
	GlobalSection(SolutionConfigurationPlatforms) = preSolution
		Debug|Any CPU = Debug|Any CPU
		Release|Any CPU = Release|Any CPU
	EndGlobalSection
	GlobalSection(ProjectConfigurationPlatforms) = postSolution
		{4B57340C-C1F7-4446-B6DB-62A5D5EBD856}.Debug|Any CPU.ActiveCfg = Debug|Any CPU
		{4B57340C-C1F7-4446-B6DB-62A5D5EBD856}.Debug|Any CPU.Build.0 = Debug|Any CPU
		{4B57340C-C1F7-4446-B6DB-62A5D5EBD856}.Release|Any CPU.ActiveCfg = Release|Any CPU
		{4B57340C-C1F7-4446-B6DB-62A5D5EBD856}.Release|Any CPU.Build.0 = Release|Any CPU
		{615CB180-BE97-4613-AC93-7DA4EF38E58B}.Debug|Any CPU.ActiveCfg = Debug|Any CPU
		{615CB180-BE97-4613-AC93-7DA4EF38E58B}.Debug|Any CPU.Build.0 = Debug|Any CPU
		{615CB180-BE97-4613-AC93-7DA4EF38E58B}.Release|Any CPU.ActiveCfg = Release|Any CPU
		{615CB180-BE97-4613-AC93-7DA4EF38E58B}.Release|Any CPU.Build.0 = Release|Any CPU
		{C4C162C9-651D-4FFF-9BBA-212FA854ECC1}.Debug|Any CPU.ActiveCfg = Debug|Any CPU
		{C4C162C9-651D-4FFF-9BBA-212FA854ECC1}.Debug|Any CPU.Build.0 = Debug|Any CPU
		{C4C162C9-651D-4FFF-9BBA-212FA854ECC1}.Release|Any CPU.ActiveCfg = Release|Any CPU
		{C4C162C9-651D-4FFF-9BBA-212FA854ECC1}.Release|Any CPU.Build.0 = Release|Any CPU
		{0CF0A3BD-D2C4-4E74-83BD-91567891C5B8}.Debug|Any CPU.ActiveCfg = Debug|Any CPU
		{0CF0A3BD-D2C4-4E74-83BD-91567891C5B8}.Debug|Any CPU.Build.0 = Debug|Any CPU
		{0CF0A3BD-D2C4-4E74-83BD-91567891C5B8}.Release|Any CPU.ActiveCfg = Release|Any CPU
		{0CF0A3BD-D2C4-4E74-83BD-91567891C5B8}.Release|Any CPU.Build.0 = Release|Any CPU
		{957D7619-642B-4BFE-B7DD-571E9FB7F713}.Debug|Any CPU.ActiveCfg = Debug|Any CPU
		{957D7619-642B-4BFE-B7DD-571E9FB7F713}.Debug|Any CPU.Build.0 = Debug|Any CPU
		{957D7619-642B-4BFE-B7DD-571E9FB7F713}.Release|Any CPU.ActiveCfg = Release|Any CPU
		{957D7619-642B-4BFE-B7DD-571E9FB7F713}.Release|Any CPU.Build.0 = Release|Any CPU
		{8F60DBDA-7EA2-4BDA-B980-2897548E6D9B}.Debug|Any CPU.ActiveCfg = Debug|Any CPU
		{8F60DBDA-7EA2-4BDA-B980-2897548E6D9B}.Debug|Any CPU.Build.0 = Debug|Any CPU
		{8F60DBDA-7EA2-4BDA-B980-2897548E6D9B}.Release|Any CPU.ActiveCfg = Release|Any CPU
		{8F60DBDA-7EA2-4BDA-B980-2897548E6D9B}.Release|Any CPU.Build.0 = Release|Any CPU
	EndGlobalSection
	GlobalSection(SolutionProperties) = preSolution
		HideSolutionNode = FALSE
	EndGlobalSection
	GlobalSection(ExtensibilityGlobals) = postSolution
		SolutionGuid = {BEEE12B9-327D-4A9B-B2C5-576D7FE86944}
	EndGlobalSection
EndGlobal
